// !$*UTF8*$!
{
	archiveVersion = 1;
	classes = {
	};
	objectVersion = 46;
	objects = {

/* Begin PBXBuildFile section */
		0D51E7301DB917230077B37F /* FoundationExtension.swift in Sources */ = {isa = PBXBuildFile; fileRef = 0D51E72F1DB917230077B37F /* FoundationExtension.swift */; };
		0D51E7321DB922D50077B37F /* vaffanculo.mp3 in Resources */ = {isa = PBXBuildFile; fileRef = 0D51E7311DB922D50077B37F /* vaffanculo.mp3 */; };
		0D87DF6C1DB8BBA70009A971 /* ADViewController.swift in Sources */ = {isa = PBXBuildFile; fileRef = 0D87DF6B1DB8BBA70009A971 /* ADViewController.swift */; };
		0D87DF6E1DB8BC550009A971 /* UIKitExtension.swift in Sources */ = {isa = PBXBuildFile; fileRef = 0D87DF6D1DB8BC550009A971 /* UIKitExtension.swift */; };
		0D87DF721DB8C6580009A971 /* ADTableViewController.swift in Sources */ = {isa = PBXBuildFile; fileRef = 0D87DF711DB8C6580009A971 /* ADTableViewController.swift */; };
		0D87DF741DB8F87D0009A971 /* ADButton.swift in Sources */ = {isa = PBXBuildFile; fileRef = 0D87DF731DB8F87D0009A971 /* ADButton.swift */; };
		0D87DF761DB8FCE00009A971 /* BebasNeue.otf in Resources */ = {isa = PBXBuildFile; fileRef = 0D87DF751DB8FCE00009A971 /* BebasNeue.otf */; };
		0D87DF781DB8FFE00009A971 /* MANDATOR.ttf in Resources */ = {isa = PBXBuildFile; fileRef = 0D87DF771DB8FFE00009A971 /* MANDATOR.ttf */; };
		0D87DF7A1DB901CC0009A971 /* FeaturedItem.ttf in Resources */ = {isa = PBXBuildFile; fileRef = 0D87DF791DB901CC0009A971 /* FeaturedItem.ttf */; };
		0DD848401DB60E6300FD04D0 /* AppDelegate.swift in Sources */ = {isa = PBXBuildFile; fileRef = 0DD8483F1DB60E6300FD04D0 /* AppDelegate.swift */; };
		0DD848421DB60E6300FD04D0 /* ViewController.swift in Sources */ = {isa = PBXBuildFile; fileRef = 0DD848411DB60E6300FD04D0 /* ViewController.swift */; };
		0DD848451DB60E6300FD04D0 /* Main.storyboard in Resources */ = {isa = PBXBuildFile; fileRef = 0DD848431DB60E6300FD04D0 /* Main.storyboard */; };
		0DD848471DB60E6300FD04D0 /* Assets.xcassets in Resources */ = {isa = PBXBuildFile; fileRef = 0DD848461DB60E6300FD04D0 /* Assets.xcassets */; };
		0DD8484A1DB60E6300FD04D0 /* LaunchScreen.storyboard in Resources */ = {isa = PBXBuildFile; fileRef = 0DD848481DB60E6300FD04D0 /* LaunchScreen.storyboard */; };
		0DD848551DB60E6300FD04D0 /* aTestTests.swift in Sources */ = {isa = PBXBuildFile; fileRef = 0DD848541DB60E6300FD04D0 /* aTestTests.swift */; };
		0DD848601DB60E6300FD04D0 /* aTestUITests.swift in Sources */ = {isa = PBXBuildFile; fileRef = 0DD8485F1DB60E6300FD04D0 /* aTestUITests.swift */; };
		0DDB921C1DB94B4E0046154B /* CellBean.swift in Sources */ = {isa = PBXBuildFile; fileRef = 0DDB921B1DB94B4E0046154B /* CellBean.swift */; };
		56B77A8B91196C7E2E3DE36B /* Pods_aTest.framework in Frameworks */ = {isa = PBXBuildFile; fileRef = 050E5C057D6F6B58FECFFC90 /* Pods_aTest.framework */; };
/* End PBXBuildFile section */

/* Begin PBXContainerItemProxy section */
		0DD848511DB60E6300FD04D0 /* PBXContainerItemProxy */ = {
			isa = PBXContainerItemProxy;
			containerPortal = 0DD848341DB60E6300FD04D0 /* Project object */;
			proxyType = 1;
			remoteGlobalIDString = 0DD8483B1DB60E6300FD04D0;
			remoteInfo = aTest;
		};
		0DD8485C1DB60E6300FD04D0 /* PBXContainerItemProxy */ = {
			isa = PBXContainerItemProxy;
			containerPortal = 0DD848341DB60E6300FD04D0 /* Project object */;
			proxyType = 1;
			remoteGlobalIDString = 0DD8483B1DB60E6300FD04D0;
			remoteInfo = aTest;
		};
/* End PBXContainerItemProxy section */

/* Begin PBXCopyFilesBuildPhase section */
		0DD8487F1DB60ECA00FD04D0 /* Embed App Extensions */ = {
			isa = PBXCopyFilesBuildPhase;
			buildActionMask = 2147483647;
			dstPath = "";
			dstSubfolderSpec = 13;
			files = (
			);
			name = "Embed App Extensions";
			runOnlyForDeploymentPostprocessing = 0;
		};
/* End PBXCopyFilesBuildPhase section */

/* Begin PBXFileReference section */
		050E5C057D6F6B58FECFFC90 /* Pods_aTest.framework */ = {isa = PBXFileReference; explicitFileType = wrapper.framework; includeInIndex = 0; path = Pods_aTest.framework; sourceTree = BUILT_PRODUCTS_DIR; };
		0D51E72F1DB917230077B37F /* FoundationExtension.swift */ = {isa = PBXFileReference; fileEncoding = 4; lastKnownFileType = sourcecode.swift; path = FoundationExtension.swift; sourceTree = "<group>"; };
		0D51E7311DB922D50077B37F /* vaffanculo.mp3 */ = {isa = PBXFileReference; lastKnownFileType = audio.mp3; path = vaffanculo.mp3; sourceTree = "<group>"; };
		0D87DF6B1DB8BBA70009A971 /* ADViewController.swift */ = {isa = PBXFileReference; fileEncoding = 4; lastKnownFileType = sourcecode.swift; path = ADViewController.swift; sourceTree = "<group>"; };
		0D87DF6D1DB8BC550009A971 /* UIKitExtension.swift */ = {isa = PBXFileReference; fileEncoding = 4; lastKnownFileType = sourcecode.swift; path = UIKitExtension.swift; sourceTree = "<group>"; };
		0D87DF711DB8C6580009A971 /* ADTableViewController.swift */ = {isa = PBXFileReference; fileEncoding = 4; lastKnownFileType = sourcecode.swift; path = ADTableViewController.swift; sourceTree = "<group>"; };
		0D87DF731DB8F87D0009A971 /* ADButton.swift */ = {isa = PBXFileReference; fileEncoding = 4; lastKnownFileType = sourcecode.swift; path = ADButton.swift; sourceTree = "<group>"; };
		0D87DF751DB8FCE00009A971 /* BebasNeue.otf */ = {isa = PBXFileReference; lastKnownFileType = file; path = BebasNeue.otf; sourceTree = "<group>"; };
		0D87DF771DB8FFE00009A971 /* MANDATOR.ttf */ = {isa = PBXFileReference; lastKnownFileType = file; path = MANDATOR.ttf; sourceTree = "<group>"; };
		0D87DF791DB901CC0009A971 /* FeaturedItem.ttf */ = {isa = PBXFileReference; lastKnownFileType = file; path = FeaturedItem.ttf; sourceTree = "<group>"; };
		0DD8483C1DB60E6300FD04D0 /* DeltaPlay.app */ = {isa = PBXFileReference; explicitFileType = wrapper.application; includeInIndex = 0; path = DeltaPlay.app; sourceTree = BUILT_PRODUCTS_DIR; };
		0DD8483F1DB60E6300FD04D0 /* AppDelegate.swift */ = {isa = PBXFileReference; lastKnownFileType = sourcecode.swift; path = AppDelegate.swift; sourceTree = "<group>"; };
		0DD848411DB60E6300FD04D0 /* ViewController.swift */ = {isa = PBXFileReference; lastKnownFileType = sourcecode.swift; path = ViewController.swift; sourceTree = "<group>"; };
		0DD848441DB60E6300FD04D0 /* Base */ = {isa = PBXFileReference; lastKnownFileType = file.storyboard; name = Base; path = Base.lproj/Main.storyboard; sourceTree = "<group>"; };
		0DD848461DB60E6300FD04D0 /* Assets.xcassets */ = {isa = PBXFileReference; lastKnownFileType = folder.assetcatalog; path = Assets.xcassets; sourceTree = "<group>"; };
		0DD848491DB60E6300FD04D0 /* Base */ = {isa = PBXFileReference; lastKnownFileType = file.storyboard; name = Base; path = Base.lproj/LaunchScreen.storyboard; sourceTree = "<group>"; };
		0DD8484B1DB60E6300FD04D0 /* Info.plist */ = {isa = PBXFileReference; lastKnownFileType = text.plist.xml; path = Info.plist; sourceTree = "<group>"; };
		0DD848501DB60E6300FD04D0 /* DeltaPlayTests.xctest */ = {isa = PBXFileReference; explicitFileType = wrapper.cfbundle; includeInIndex = 0; path = DeltaPlayTests.xctest; sourceTree = BUILT_PRODUCTS_DIR; };
		0DD848541DB60E6300FD04D0 /* aTestTests.swift */ = {isa = PBXFileReference; lastKnownFileType = sourcecode.swift; path = aTestTests.swift; sourceTree = "<group>"; };
		0DD848561DB60E6300FD04D0 /* Info.plist */ = {isa = PBXFileReference; lastKnownFileType = text.plist.xml; path = Info.plist; sourceTree = "<group>"; };
		0DD8485B1DB60E6300FD04D0 /* DeltaPlayUITests.xctest */ = {isa = PBXFileReference; explicitFileType = wrapper.cfbundle; includeInIndex = 0; path = DeltaPlayUITests.xctest; sourceTree = BUILT_PRODUCTS_DIR; };
		0DD8485F1DB60E6300FD04D0 /* aTestUITests.swift */ = {isa = PBXFileReference; lastKnownFileType = sourcecode.swift; path = aTestUITests.swift; sourceTree = "<group>"; };
		0DD848611DB60E6300FD04D0 /* Info.plist */ = {isa = PBXFileReference; lastKnownFileType = text.plist.xml; path = Info.plist; sourceTree = "<group>"; };
		0DD848861DB6104A00FD04D0 /* NotificationCenter.framework */ = {isa = PBXFileReference; lastKnownFileType = wrapper.framework; name = NotificationCenter.framework; path = System/Library/Frameworks/NotificationCenter.framework; sourceTree = SDKROOT; };
		0DDB921B1DB94B4E0046154B /* CellBean.swift */ = {isa = PBXFileReference; fileEncoding = 4; lastKnownFileType = sourcecode.swift; path = CellBean.swift; sourceTree = "<group>"; };
		372FE54ADAEF2DF88A52B465 /* Pods-aTestWidget.debug.xcconfig */ = {isa = PBXFileReference; includeInIndex = 1; lastKnownFileType = text.xcconfig; name = "Pods-aTestWidget.debug.xcconfig"; path = "Pods/Target Support Files/Pods-aTestWidget/Pods-aTestWidget.debug.xcconfig"; sourceTree = "<group>"; };
		4CE36842068B8A2C74D07C78 /* Pods-aTestWidget.release.xcconfig */ = {isa = PBXFileReference; includeInIndex = 1; lastKnownFileType = text.xcconfig; name = "Pods-aTestWidget.release.xcconfig"; path = "Pods/Target Support Files/Pods-aTestWidget/Pods-aTestWidget.release.xcconfig"; sourceTree = "<group>"; };
		9DEE054996139AA5A5861765 /* Pods-aTest.debug.xcconfig */ = {isa = PBXFileReference; includeInIndex = 1; lastKnownFileType = text.xcconfig; name = "Pods-aTest.debug.xcconfig"; path = "Pods/Target Support Files/Pods-aTest/Pods-aTest.debug.xcconfig"; sourceTree = "<group>"; };
		AD4463C6623B66AFC08222B4 /* Pods-aTest.release.xcconfig */ = {isa = PBXFileReference; includeInIndex = 1; lastKnownFileType = text.xcconfig; name = "Pods-aTest.release.xcconfig"; path = "Pods/Target Support Files/Pods-aTest/Pods-aTest.release.xcconfig"; sourceTree = "<group>"; };
		AE61567F1B737860E81F3065 /* Pods_aTestWidget.framework */ = {isa = PBXFileReference; explicitFileType = wrapper.framework; includeInIndex = 0; path = Pods_aTestWidget.framework; sourceTree = BUILT_PRODUCTS_DIR; };
/* End PBXFileReference section */

/* Begin PBXFrameworksBuildPhase section */
		0DD848391DB60E6300FD04D0 /* Frameworks */ = {
			isa = PBXFrameworksBuildPhase;
			buildActionMask = 2147483647;
			files = (
				56B77A8B91196C7E2E3DE36B /* Pods_aTest.framework in Frameworks */,
			);
			runOnlyForDeploymentPostprocessing = 0;
		};
		0DD8484D1DB60E6300FD04D0 /* Frameworks */ = {
			isa = PBXFrameworksBuildPhase;
			buildActionMask = 2147483647;
			files = (
			);
			runOnlyForDeploymentPostprocessing = 0;
		};
		0DD848581DB60E6300FD04D0 /* Frameworks */ = {
			isa = PBXFrameworksBuildPhase;
			buildActionMask = 2147483647;
			files = (
			);
			runOnlyForDeploymentPostprocessing = 0;
		};
/* End PBXFrameworksBuildPhase section */

/* Begin PBXGroup section */
		039FD9C1A0123FFE2AC25414 /* Pods */ = {
			isa = PBXGroup;
			children = (
				9DEE054996139AA5A5861765 /* Pods-aTest.debug.xcconfig */,
				AD4463C6623B66AFC08222B4 /* Pods-aTest.release.xcconfig */,
				372FE54ADAEF2DF88A52B465 /* Pods-aTestWidget.debug.xcconfig */,
				4CE36842068B8A2C74D07C78 /* Pods-aTestWidget.release.xcconfig */,
			);
			name = Pods;
			sourceTree = "<group>";
		};
		0D87DF6F1DB8BC5F0009A971 /* Core */ = {
			isa = PBXGroup;
			children = (
				0D87DF6B1DB8BBA70009A971 /* ADViewController.swift */,
				0D87DF711DB8C6580009A971 /* ADTableViewController.swift */,
				0D87DF6D1DB8BC550009A971 /* UIKitExtension.swift */,
				0D87DF731DB8F87D0009A971 /* ADButton.swift */,
				0D51E72F1DB917230077B37F /* FoundationExtension.swift */,
			);
			name = Core;
			sourceTree = "<group>";
		};
		0D87DF701DB8C61E0009A971 /* ViewController */ = {
			isa = PBXGroup;
			children = (
				0DD848411DB60E6300FD04D0 /* ViewController.swift */,
			);
			name = ViewController;
			sourceTree = "<group>";
		};
		0DD848331DB60E6300FD04D0 = {
			isa = PBXGroup;
			children = (
				0D51E7311DB922D50077B37F /* vaffanculo.mp3 */,
				0DD8483E1DB60E6300FD04D0 /* aTest */,
				0DD848531DB60E6300FD04D0 /* aTestTests */,
				0DD8485E1DB60E6300FD04D0 /* aTestUITests */,
				0DD848851DB6104A00FD04D0 /* Frameworks */,
				0DD8483D1DB60E6300FD04D0 /* Products */,
				039FD9C1A0123FFE2AC25414 /* Pods */,
			);
			sourceTree = "<group>";
		};
		0DD8483D1DB60E6300FD04D0 /* Products */ = {
			isa = PBXGroup;
			children = (
				0DD8483C1DB60E6300FD04D0 /* DeltaPlay.app */,
				0DD848501DB60E6300FD04D0 /* DeltaPlayTests.xctest */,
				0DD8485B1DB60E6300FD04D0 /* DeltaPlayUITests.xctest */,
			);
			name = Products;
			sourceTree = "<group>";
		};
		0DD8483E1DB60E6300FD04D0 /* aTest */ = {
			isa = PBXGroup;
			children = (
				0D87DF751DB8FCE00009A971 /* BebasNeue.otf */,
				0D87DF771DB8FFE00009A971 /* MANDATOR.ttf */,
				0D87DF791DB901CC0009A971 /* FeaturedItem.ttf */,
				0DDB921A1DB94B300046154B /* Model */,
				0D87DF701DB8C61E0009A971 /* ViewController */,
				0D87DF6F1DB8BC5F0009A971 /* Core */,
				0DD8483F1DB60E6300FD04D0 /* AppDelegate.swift */,
				0DD848431DB60E6300FD04D0 /* Main.storyboard */,
				0DD848461DB60E6300FD04D0 /* Assets.xcassets */,
				0DD848481DB60E6300FD04D0 /* LaunchScreen.storyboard */,
				0DD8484B1DB60E6300FD04D0 /* Info.plist */,
			);
			path = aTest;
			sourceTree = "<group>";
		};
		0DD848531DB60E6300FD04D0 /* aTestTests */ = {
			isa = PBXGroup;
			children = (
				0DD848541DB60E6300FD04D0 /* aTestTests.swift */,
				0DD848561DB60E6300FD04D0 /* Info.plist */,
			);
			path = aTestTests;
			sourceTree = "<group>";
		};
		0DD8485E1DB60E6300FD04D0 /* aTestUITests */ = {
			isa = PBXGroup;
			children = (
				0DD8485F1DB60E6300FD04D0 /* aTestUITests.swift */,
				0DD848611DB60E6300FD04D0 /* Info.plist */,
			);
			path = aTestUITests;
			sourceTree = "<group>";
		};
		0DD848851DB6104A00FD04D0 /* Frameworks */ = {
			isa = PBXGroup;
			children = (
				0DD848861DB6104A00FD04D0 /* NotificationCenter.framework */,
				050E5C057D6F6B58FECFFC90 /* Pods_aTest.framework */,
				AE61567F1B737860E81F3065 /* Pods_aTestWidget.framework */,
			);
			name = Frameworks;
			sourceTree = "<group>";
		};
		0DDB921A1DB94B300046154B /* Model */ = {
			isa = PBXGroup;
			children = (
				0DDB921B1DB94B4E0046154B /* CellBean.swift */,
			);
			name = Model;
			sourceTree = "<group>";
		};
/* End PBXGroup section */

/* Begin PBXNativeTarget section */
		0DD8483B1DB60E6300FD04D0 /* DeltaPlay */ = {
			isa = PBXNativeTarget;
			buildConfigurationList = 0DD848641DB60E6300FD04D0 /* Build configuration list for PBXNativeTarget "DeltaPlay" */;
			buildPhases = (
				C5C3A8EB4FE36DEF87055D17 /* [CP] Check Pods Manifest.lock */,
				0DD848381DB60E6300FD04D0 /* Sources */,
				0DD848391DB60E6300FD04D0 /* Frameworks */,
				0DD8483A1DB60E6300FD04D0 /* Resources */,
				0DD8487F1DB60ECA00FD04D0 /* Embed App Extensions */,
				72C7A01F2ABB57EC8A93607D /* [CP] Embed Pods Frameworks */,
				6404B77CECFC5ECCBA4D04D3 /* [CP] Copy Pods Resources */,
			);
			buildRules = (
			);
			dependencies = (
			);
			name = DeltaPlay;
			productName = aTest;
			productReference = 0DD8483C1DB60E6300FD04D0 /* DeltaPlay.app */;
			productType = "com.apple.product-type.application";
		};
		0DD8484F1DB60E6300FD04D0 /* DeltaPlayTests */ = {
			isa = PBXNativeTarget;
			buildConfigurationList = 0DD848671DB60E6300FD04D0 /* Build configuration list for PBXNativeTarget "DeltaPlayTests" */;
			buildPhases = (
				0DD8484C1DB60E6300FD04D0 /* Sources */,
				0DD8484D1DB60E6300FD04D0 /* Frameworks */,
				0DD8484E1DB60E6300FD04D0 /* Resources */,
			);
			buildRules = (
			);
			dependencies = (
				0DD848521DB60E6300FD04D0 /* PBXTargetDependency */,
			);
			name = DeltaPlayTests;
			productName = aTestTests;
			productReference = 0DD848501DB60E6300FD04D0 /* DeltaPlayTests.xctest */;
			productType = "com.apple.product-type.bundle.unit-test";
		};
		0DD8485A1DB60E6300FD04D0 /* DeltaPlayUITests */ = {
			isa = PBXNativeTarget;
			buildConfigurationList = 0DD8486A1DB60E6300FD04D0 /* Build configuration list for PBXNativeTarget "DeltaPlayUITests" */;
			buildPhases = (
				0DD848571DB60E6300FD04D0 /* Sources */,
				0DD848581DB60E6300FD04D0 /* Frameworks */,
				0DD848591DB60E6300FD04D0 /* Resources */,
			);
			buildRules = (
			);
			dependencies = (
				0DD8485D1DB60E6300FD04D0 /* PBXTargetDependency */,
			);
			name = DeltaPlayUITests;
			productName = aTestUITests;
			productReference = 0DD8485B1DB60E6300FD04D0 /* DeltaPlayUITests.xctest */;
			productType = "com.apple.product-type.bundle.ui-testing";
		};
/* End PBXNativeTarget section */

/* Begin PBXProject section */
		0DD848341DB60E6300FD04D0 /* Project object */ = {
			isa = PBXProject;
			attributes = {
				LastSwiftUpdateCheck = 0800;
				LastUpgradeCheck = 0800;
				ORGANIZATIONNAME = Coocked;
				TargetAttributes = {
					0DD8483B1DB60E6300FD04D0 = {
						CreatedOnToolsVersion = 8.0;
						DevelopmentTeam = DX3C8CCLKW;
						ProvisioningStyle = Automatic;
					};
					0DD8484F1DB60E6300FD04D0 = {
						CreatedOnToolsVersion = 8.0;
						DevelopmentTeam = DX3C8CCLKW;
						ProvisioningStyle = Automatic;
						TestTargetID = 0DD8483B1DB60E6300FD04D0;
					};
					0DD8485A1DB60E6300FD04D0 = {
						CreatedOnToolsVersion = 8.0;
						DevelopmentTeam = DX3C8CCLKW;
						ProvisioningStyle = Automatic;
						TestTargetID = 0DD8483B1DB60E6300FD04D0;
					};
				};
			};
			buildConfigurationList = 0DD848371DB60E6300FD04D0 /* Build configuration list for PBXProject "DeltaPlay" */;
			compatibilityVersion = "Xcode 3.2";
			developmentRegion = English;
			hasScannedForEncodings = 0;
			knownRegions = (
				en,
				Base,
			);
			mainGroup = 0DD848331DB60E6300FD04D0;
			productRefGroup = 0DD8483D1DB60E6300FD04D0 /* Products */;
			projectDirPath = "";
			projectRoot = "";
			targets = (
				0DD8483B1DB60E6300FD04D0 /* DeltaPlay */,
				0DD8484F1DB60E6300FD04D0 /* DeltaPlayTests */,
				0DD8485A1DB60E6300FD04D0 /* DeltaPlayUITests */,
			);
		};
/* End PBXProject section */

/* Begin PBXResourcesBuildPhase section */
		0DD8483A1DB60E6300FD04D0 /* Resources */ = {
			isa = PBXResourcesBuildPhase;
			buildActionMask = 2147483647;
			files = (
				0D87DF781DB8FFE00009A971 /* MANDATOR.ttf in Resources */,
				0DD8484A1DB60E6300FD04D0 /* LaunchScreen.storyboard in Resources */,
				0DD848471DB60E6300FD04D0 /* Assets.xcassets in Resources */,
				0D87DF761DB8FCE00009A971 /* BebasNeue.otf in Resources */,
				0D51E7321DB922D50077B37F /* vaffanculo.mp3 in Resources */,
				0DD848451DB60E6300FD04D0 /* Main.storyboard in Resources */,
				0D87DF7A1DB901CC0009A971 /* FeaturedItem.ttf in Resources */,
			);
			runOnlyForDeploymentPostprocessing = 0;
		};
		0DD8484E1DB60E6300FD04D0 /* Resources */ = {
			isa = PBXResourcesBuildPhase;
			buildActionMask = 2147483647;
			files = (
			);
			runOnlyForDeploymentPostprocessing = 0;
		};
		0DD848591DB60E6300FD04D0 /* Resources */ = {
			isa = PBXResourcesBuildPhase;
			buildActionMask = 2147483647;
			files = (
			);
			runOnlyForDeploymentPostprocessing = 0;
		};
/* End PBXResourcesBuildPhase section */

/* Begin PBXShellScriptBuildPhase section */
		6404B77CECFC5ECCBA4D04D3 /* [CP] Copy Pods Resources */ = {
			isa = PBXShellScriptBuildPhase;
			buildActionMask = 2147483647;
			files = (
			);
			inputPaths = (
			);
			name = "[CP] Copy Pods Resources";
			outputPaths = (
			);
			runOnlyForDeploymentPostprocessing = 0;
			shellPath = /bin/sh;
			shellScript = "\"${SRCROOT}/Pods/Target Support Files/Pods-aTest/Pods-aTest-resources.sh\"\n";
			showEnvVarsInLog = 0;
		};
		72C7A01F2ABB57EC8A93607D /* [CP] Embed Pods Frameworks */ = {
			isa = PBXShellScriptBuildPhase;
			buildActionMask = 2147483647;
			files = (
			);
			inputPaths = (
			);
			name = "[CP] Embed Pods Frameworks";
			outputPaths = (
			);
			runOnlyForDeploymentPostprocessing = 0;
			shellPath = /bin/sh;
			shellScript = "\"${SRCROOT}/Pods/Target Support Files/Pods-aTest/Pods-aTest-frameworks.sh\"\n";
			showEnvVarsInLog = 0;
		};
		C5C3A8EB4FE36DEF87055D17 /* [CP] Check Pods Manifest.lock */ = {
			isa = PBXShellScriptBuildPhase;
			buildActionMask = 2147483647;
			files = (
			);
			inputPaths = (
			);
			name = "[CP] Check Pods Manifest.lock";
			outputPaths = (
			);
			runOnlyForDeploymentPostprocessing = 0;
			shellPath = /bin/sh;
			shellScript = "diff \"${PODS_ROOT}/../Podfile.lock\" \"${PODS_ROOT}/Manifest.lock\" > /dev/null\nif [ $? != 0 ] ; then\n    # print error to STDERR\n    echo \"error: The sandbox is not in sync with the Podfile.lock. Run 'pod install' or update your CocoaPods installation.\" >&2\n    exit 1\nfi\n";
			showEnvVarsInLog = 0;
		};
/* End PBXShellScriptBuildPhase section */

/* Begin PBXSourcesBuildPhase section */
		0DD848381DB60E6300FD04D0 /* Sources */ = {
			isa = PBXSourcesBuildPhase;
			buildActionMask = 2147483647;
			files = (
				0D51E7301DB917230077B37F /* FoundationExtension.swift in Sources */,
				0D87DF741DB8F87D0009A971 /* ADButton.swift in Sources */,
				0DD848421DB60E6300FD04D0 /* ViewController.swift in Sources */,
				0D87DF6C1DB8BBA70009A971 /* ADViewController.swift in Sources */,
				0D87DF6E1DB8BC550009A971 /* UIKitExtension.swift in Sources */,
				0D87DF721DB8C6580009A971 /* ADTableViewController.swift in Sources */,
				0DD848401DB60E6300FD04D0 /* AppDelegate.swift in Sources */,
				0DDB921C1DB94B4E0046154B /* CellBean.swift in Sources */,
			);
			runOnlyForDeploymentPostprocessing = 0;
		};
		0DD8484C1DB60E6300FD04D0 /* Sources */ = {
			isa = PBXSourcesBuildPhase;
			buildActionMask = 2147483647;
			files = (
				0DD848551DB60E6300FD04D0 /* aTestTests.swift in Sources */,
			);
			runOnlyForDeploymentPostprocessing = 0;
		};
		0DD848571DB60E6300FD04D0 /* Sources */ = {
			isa = PBXSourcesBuildPhase;
			buildActionMask = 2147483647;
			files = (
				0DD848601DB60E6300FD04D0 /* aTestUITests.swift in Sources */,
			);
			runOnlyForDeploymentPostprocessing = 0;
		};
/* End PBXSourcesBuildPhase section */

/* Begin PBXTargetDependency section */
		0DD848521DB60E6300FD04D0 /* PBXTargetDependency */ = {
			isa = PBXTargetDependency;
			target = 0DD8483B1DB60E6300FD04D0 /* DeltaPlay */;
			targetProxy = 0DD848511DB60E6300FD04D0 /* PBXContainerItemProxy */;
		};
		0DD8485D1DB60E6300FD04D0 /* PBXTargetDependency */ = {
			isa = PBXTargetDependency;
			target = 0DD8483B1DB60E6300FD04D0 /* DeltaPlay */;
			targetProxy = 0DD8485C1DB60E6300FD04D0 /* PBXContainerItemProxy */;
		};
/* End PBXTargetDependency section */

/* Begin PBXVariantGroup section */
		0DD848431DB60E6300FD04D0 /* Main.storyboard */ = {
			isa = PBXVariantGroup;
			children = (
				0DD848441DB60E6300FD04D0 /* Base */,
			);
			name = Main.storyboard;
			sourceTree = "<group>";
		};
		0DD848481DB60E6300FD04D0 /* LaunchScreen.storyboard */ = {
			isa = PBXVariantGroup;
			children = (
				0DD848491DB60E6300FD04D0 /* Base */,
			);
			name = LaunchScreen.storyboard;
			sourceTree = "<group>";
		};
/* End PBXVariantGroup section */

/* Begin XCBuildConfiguration section */
		0DD848621DB60E6300FD04D0 /* Debug */ = {
			isa = XCBuildConfiguration;
			buildSettings = {
				ALWAYS_SEARCH_USER_PATHS = NO;
				CLANG_ANALYZER_NONNULL = YES;
				CLANG_CXX_LANGUAGE_STANDARD = "gnu++0x";
				CLANG_CXX_LIBRARY = "libc++";
				CLANG_ENABLE_MODULES = YES;
				CLANG_ENABLE_OBJC_ARC = YES;
				CLANG_WARN_BOOL_CONVERSION = YES;
				CLANG_WARN_CONSTANT_CONVERSION = YES;
				CLANG_WARN_DIRECT_OBJC_ISA_USAGE = YES_ERROR;
				CLANG_WARN_DOCUMENTATION_COMMENTS = YES;
				CLANG_WARN_EMPTY_BODY = YES;
				CLANG_WARN_ENUM_CONVERSION = YES;
				CLANG_WARN_INFINITE_RECURSION = YES;
				CLANG_WARN_INT_CONVERSION = YES;
				CLANG_WARN_OBJC_ROOT_CLASS = YES_ERROR;
				CLANG_WARN_SUSPICIOUS_MOVES = YES;
				CLANG_WARN_UNREACHABLE_CODE = YES;
				CLANG_WARN__DUPLICATE_METHOD_MATCH = YES;
				"CODE_SIGN_IDENTITY[sdk=iphoneos*]" = "iPhone Developer";
				COPY_PHASE_STRIP = NO;
				DEBUG_INFORMATION_FORMAT = dwarf;
				ENABLE_STRICT_OBJC_MSGSEND = YES;
				ENABLE_TESTABILITY = YES;
				GCC_C_LANGUAGE_STANDARD = gnu99;
				GCC_DYNAMIC_NO_PIC = NO;
				GCC_NO_COMMON_BLOCKS = YES;
				GCC_OPTIMIZATION_LEVEL = 0;
				GCC_PREPROCESSOR_DEFINITIONS = (
					"DEBUG=1",
					"$(inherited)",
				);
				GCC_WARN_64_TO_32_BIT_CONVERSION = YES;
				GCC_WARN_ABOUT_RETURN_TYPE = YES_ERROR;
				GCC_WARN_UNDECLARED_SELECTOR = YES;
				GCC_WARN_UNINITIALIZED_AUTOS = YES_AGGRESSIVE;
				GCC_WARN_UNUSED_FUNCTION = YES;
				GCC_WARN_UNUSED_VARIABLE = YES;
				IPHONEOS_DEPLOYMENT_TARGET = 10.0;
				MTL_ENABLE_DEBUG_INFO = YES;
				ONLY_ACTIVE_ARCH = YES;
				SDKROOT = iphoneos;
				SWIFT_ACTIVE_COMPILATION_CONDITIONS = DEBUG;
				SWIFT_OPTIMIZATION_LEVEL = "-Onone";
				TARGETED_DEVICE_FAMILY = "1,2";
			};
			name = Debug;
		};
		0DD848631DB60E6300FD04D0 /* Release */ = {
			isa = XCBuildConfiguration;
			buildSettings = {
				ALWAYS_SEARCH_USER_PATHS = NO;
				CLANG_ANALYZER_NONNULL = YES;
				CLANG_CXX_LANGUAGE_STANDARD = "gnu++0x";
				CLANG_CXX_LIBRARY = "libc++";
				CLANG_ENABLE_MODULES = YES;
				CLANG_ENABLE_OBJC_ARC = YES;
				CLANG_WARN_BOOL_CONVERSION = YES;
				CLANG_WARN_CONSTANT_CONVERSION = YES;
				CLANG_WARN_DIRECT_OBJC_ISA_USAGE = YES_ERROR;
				CLANG_WARN_DOCUMENTATION_COMMENTS = YES;
				CLANG_WARN_EMPTY_BODY = YES;
				CLANG_WARN_ENUM_CONVERSION = YES;
				CLANG_WARN_INFINITE_RECURSION = YES;
				CLANG_WARN_INT_CONVERSION = YES;
				CLANG_WARN_OBJC_ROOT_CLASS = YES_ERROR;
				CLANG_WARN_SUSPICIOUS_MOVES = YES;
				CLANG_WARN_UNREACHABLE_CODE = YES;
				CLANG_WARN__DUPLICATE_METHOD_MATCH = YES;
				"CODE_SIGN_IDENTITY[sdk=iphoneos*]" = "iPhone Developer";
				COPY_PHASE_STRIP = NO;
				DEBUG_INFORMATION_FORMAT = "dwarf-with-dsym";
				ENABLE_NS_ASSERTIONS = NO;
				ENABLE_STRICT_OBJC_MSGSEND = YES;
				GCC_C_LANGUAGE_STANDARD = gnu99;
				GCC_NO_COMMON_BLOCKS = YES;
				GCC_WARN_64_TO_32_BIT_CONVERSION = YES;
				GCC_WARN_ABOUT_RETURN_TYPE = YES_ERROR;
				GCC_WARN_UNDECLARED_SELECTOR = YES;
				GCC_WARN_UNINITIALIZED_AUTOS = YES_AGGRESSIVE;
				GCC_WARN_UNUSED_FUNCTION = YES;
				GCC_WARN_UNUSED_VARIABLE = YES;
				IPHONEOS_DEPLOYMENT_TARGET = 10.0;
				MTL_ENABLE_DEBUG_INFO = NO;
				SDKROOT = iphoneos;
				SWIFT_OPTIMIZATION_LEVEL = "-Owholemodule";
				TARGETED_DEVICE_FAMILY = "1,2";
				VALIDATE_PRODUCT = YES;
			};
			name = Release;
		};
		0DD848651DB60E6300FD04D0 /* Debug */ = {
			isa = XCBuildConfiguration;
			baseConfigurationReference = 9DEE054996139AA5A5861765 /* Pods-aTest.debug.xcconfig */;
			buildSettings = {
				ASSETCATALOG_COMPILER_APPICON_NAME = AppIcon;
				DEVELOPMENT_TEAM = DX3C8CCLKW;
				INFOPLIST_FILE = aTest/Info.plist;
				LD_RUNPATH_SEARCH_PATHS = "$(inherited) @executable_path/Frameworks";
				PRODUCT_BUNDLE_IDENTIFIER = it.coocked.aTest;
				PRODUCT_NAME = "$(TARGET_NAME)";
				SWIFT_VERSION = 3.0;
			};
			name = Debug;
		};
		0DD848661DB60E6300FD04D0 /* Release */ = {
			isa = XCBuildConfiguration;
			baseConfigurationReference = AD4463C6623B66AFC08222B4 /* Pods-aTest.release.xcconfig */;
			buildSettings = {
				ASSETCATALOG_COMPILER_APPICON_NAME = AppIcon;
				DEVELOPMENT_TEAM = DX3C8CCLKW;
				INFOPLIST_FILE = aTest/Info.plist;
				LD_RUNPATH_SEARCH_PATHS = "$(inherited) @executable_path/Frameworks";
				PRODUCT_BUNDLE_IDENTIFIER = it.coocked.aTest;
				PRODUCT_NAME = "$(TARGET_NAME)";
				SWIFT_VERSION = 3.0;
			};
			name = Release;
		};
		0DD848681DB60E6300FD04D0 /* Debug */ = {
			isa = XCBuildConfiguration;
			buildSettings = {
				ALWAYS_EMBED_SWIFT_STANDARD_LIBRARIES = YES;
				BUNDLE_LOADER = "$(TEST_HOST)";
				DEVELOPMENT_TEAM = DX3C8CCLKW;
				INFOPLIST_FILE = aTestTests/Info.plist;
				LD_RUNPATH_SEARCH_PATHS = "$(inherited) @executable_path/Frameworks @loader_path/Frameworks";
				PRODUCT_BUNDLE_IDENTIFIER = it.coocked.aTestTests;
				PRODUCT_NAME = "$(TARGET_NAME)";
				SWIFT_VERSION = 3.0;
				TEST_HOST = "$(BUILT_PRODUCTS_DIR)/DeltaPlay.app/DeltaPlay";
			};
			name = Debug;
		};
		0DD848691DB60E6300FD04D0 /* Release */ = {
			isa = XCBuildConfiguration;
			buildSettings = {
				ALWAYS_EMBED_SWIFT_STANDARD_LIBRARIES = YES;
				BUNDLE_LOADER = "$(TEST_HOST)";
				DEVELOPMENT_TEAM = DX3C8CCLKW;
				INFOPLIST_FILE = aTestTests/Info.plist;
				LD_RUNPATH_SEARCH_PATHS = "$(inherited) @executable_path/Frameworks @loader_path/Frameworks";
				PRODUCT_BUNDLE_IDENTIFIER = it.coocked.aTestTests;
				PRODUCT_NAME = "$(TARGET_NAME)";
				SWIFT_VERSION = 3.0;
				TEST_HOST = "$(BUILT_PRODUCTS_DIR)/DeltaPlay.app/DeltaPlay";
			};
			name = Release;
		};
		0DD8486B1DB60E6300FD04D0 /* Debug */ = {
			isa = XCBuildConfiguration;
			buildSettings = {
				ALWAYS_EMBED_SWIFT_STANDARD_LIBRARIES = YES;
				DEVELOPMENT_TEAM = DX3C8CCLKW;
				INFOPLIST_FILE = aTestUITests/Info.plist;
				LD_RUNPATH_SEARCH_PATHS = "$(inherited) @executable_path/Frameworks @loader_path/Frameworks";
				PRODUCT_BUNDLE_IDENTIFIER = it.coocked.aTestUITests;
				PRODUCT_NAME = "$(TARGET_NAME)";
				SWIFT_VERSION = 3.0;
				TEST_TARGET_NAME = aTest;
			};
			name = Debug;
		};
		0DD8486C1DB60E6300FD04D0 /* Release */ = {
			isa = XCBuildConfiguration;
			buildSettings = {
				ALWAYS_EMBED_SWIFT_STANDARD_LIBRARIES = YES;
				DEVELOPMENT_TEAM = DX3C8CCLKW;
				INFOPLIST_FILE = aTestUITests/Info.plist;
				LD_RUNPATH_SEARCH_PATHS = "$(inherited) @executable_path/Frameworks @loader_path/Frameworks";
				PRODUCT_BUNDLE_IDENTIFIER = it.coocked.aTestUITests;
				PRODUCT_NAME = "$(TARGET_NAME)";
				SWIFT_VERSION = 3.0;
				TEST_TARGET_NAME = aTest;
			};
			name = Release;
		};
/* End XCBuildConfiguration section */

/* Begin XCConfigurationList section */
		0DD848371DB60E6300FD04D0 /* Build configuration list for PBXProject "DeltaPlay" */ = {
			isa = XCConfigurationList;
			buildConfigurations = (
				0DD848621DB60E6300FD04D0 /* Debug */,
				0DD848631DB60E6300FD04D0 /* Release */,
			);
			defaultConfigurationIsVisible = 0;
			defaultConfigurationName = Release;
		};
		0DD848641DB60E6300FD04D0 /* Build configuration list for PBXNativeTarget "DeltaPlay" */ = {
			isa = XCConfigurationList;
			buildConfigurations = (
				0DD848651DB60E6300FD04D0 /* Debug */,
				0DD848661DB60E6300FD04D0 /* Release */,
			);
			defaultConfigurationIsVisible = 0;
			defaultConfigurationName = Release;
		};
		0DD848671DB60E6300FD04D0 /* Build configuration list for PBXNativeTarget "DeltaPlayTests" */ = {
			isa = XCConfigurationList;
			buildConfigurations = (
				0DD848681DB60E6300FD04D0 /* Debug */,
				0DD848691DB60E6300FD04D0 /* Release */,
			);
			defaultConfigurationIsVisible = 0;
			defaultConfigurationName = Release;
		};
		0DD8486A1DB60E6300FD04D0 /* Build configuration list for PBXNativeTarget "DeltaPlayUITests" */ = {
			isa = XCConfigurationList;
			buildConfigurations = (
				0DD8486B1DB60E6300FD04D0 /* Debug */,
				0DD8486C1DB60E6300FD04D0 /* Release */,
			);
			defaultConfigurationIsVisible = 0;
			defaultConfigurationName = Release;
		};
/* End XCConfigurationList section */
	};
	rootObject = 0DD848341DB60E6300FD04D0 /* Project object */;
}
